
Microsoft Visual Studio Solution File, Format Version 12.00
# Visual Studio Version 17
VisualStudioVersion = 17.10.35027.167
MinimumVisualStudioVersion = 10.0.40219.1
Project("{9A19103F-16F7-4668-BE54-9A1E7A4F7556}") = "DevIO.Data", "src\DevIO.Data\DevIO.Data.csproj", "{300BCF40-5AB3-422C-BA0A-790456AD4E08}"
EndProject
Project("{9A19103F-16F7-4668-BE54-9A1E7A4F7556}") = "DevIO.Business", "src\DevIO.Business\DevIO.Business.csproj", "{77A661FE-BE51-4EB5-BB2D-3E4C94970A9A}"
EndProject
Project("{FAE04EC0-301F-11D3-BF4B-00C04F79EFBC}") = "DevIO.Api", "src\DevIO.Api\DevIO.Api.csproj", "{61C106B2-C94A-42BF-AFAE-CB5B9A7C30E6}"
EndProject
Project("{2150E333-8FDC-42A3-9474-1A3956D46DE8}") = "Tests", "Tests", "{02EA681E-C7D8-13C7-8484-4AC65E1B71E8}"
EndProject
Project("{FAE04EC0-301F-11D3-BF4B-00C04F79EFBC}") = "DevIO.Business.Tests", "tests\DevIO.Business.Tests\DevIO.Business.Tests.csproj", "{2585DC08-5701-4FF6-85AE-AFA69632F81E}"
EndProject
Global
	GlobalSection(SolutionConfigurationPlatforms) = preSolution
		Debug|Any CPU = Debug|Any CPU
		Release|Any CPU = Release|Any CPU
	EndGlobalSection
	GlobalSection(ProjectConfigurationPlatforms) = postSolution
		{300BCF40-5AB3-422C-BA0A-790456AD4E08}.Debug|Any CPU.ActiveCfg = Debug|Any CPU
		{300BCF40-5AB3-422C-BA0A-790456AD4E08}.Debug|Any CPU.Build.0 = Debug|Any CPU
		{300BCF40-5AB3-422C-BA0A-790456AD4E08}.Release|Any CPU.ActiveCfg = Release|Any CPU
		{300BCF40-5AB3-422C-BA0A-790456AD4E08}.Release|Any CPU.Build.0 = Release|Any CPU
		{77A661FE-BE51-4EB5-BB2D-3E4C94970A9A}.Debug|Any CPU.ActiveCfg = Debug|Any CPU
		{77A661FE-BE51-4EB5-BB2D-3E4C94970A9A}.Debug|Any CPU.Build.0 = Debug|Any CPU
		{77A661FE-BE51-4EB5-BB2D-3E4C94970A9A}.Release|Any CPU.ActiveCfg = Release|Any CPU
		{77A661FE-BE51-4EB5-BB2D-3E4C94970A9A}.Release|Any CPU.Build.0 = Release|Any CPU
		{61C106B2-C94A-42BF-AFAE-CB5B9A7C30E6}.Debug|Any CPU.ActiveCfg = Debug|Any CPU
		{61C106B2-C94A-42BF-AFAE-CB5B9A7C30E6}.Debug|Any CPU.Build.0 = Debug|Any CPU
		{61C106B2-C94A-42BF-AFAE-CB5B9A7C30E6}.Release|Any CPU.ActiveCfg = Release|Any CPU
		{61C106B2-C94A-42BF-AFAE-CB5B9A7C30E6}.Release|Any CPU.Build.0 = Release|Any CPU
		{2585DC08-5701-4FF6-85AE-AFA69632F81E}.Debug|Any CPU.ActiveCfg = Debug|Any CPU
		{2585DC08-5701-4FF6-85AE-AFA69632F81E}.Debug|Any CPU.Build.0 = Debug|Any CPU
		{2585DC08-5701-4FF6-85AE-AFA69632F81E}.Release|Any CPU.ActiveCfg = Release|Any CPU
		{2585DC08-5701-4FF6-85AE-AFA69632F81E}.Release|Any CPU.Build.0 = Release|Any CPU
	EndGlobalSection
	GlobalSection(SolutionProperties) = preSolution
		HideSolutionNode = FALSE
	EndGlobalSection
	GlobalSection(NestedProjects) = preSolution
		{2585DC08-5701-4FF6-85AE-AFA69632F81E} = {02EA681E-C7D8-13C7-8484-4AC65E1B71E8}
	EndGlobalSection
	GlobalSection(ExtensibilityGlobals) = postSolution
		SolutionGuid = {C8BC3FB1-F688-4C73-8965-5F6E1AAFBF74}
	EndGlobalSection
EndGlobal
